# This file was autogenerated by Stack.
# You should not edit this file by hand.
# For more information, please see the documentation at:
#   https://docs.haskellstack.org/en/stable/lock_files

packages:
- completed:
    hackage: persistent-2.12.1.2@sha256:753066c657db44997c4ea5e5cb35501d06b74a425e05071cbcf9dbf10909aa70,5901
    pantry-tree:
      size: 2908
      sha256: d644cc68959ff6883482685e080c9b8f6c2b61302483bb44b1d4b2079c61fb57
  original:
    hackage: persistent-2.12.1.2
- completed:
    hackage: persistent-template-2.12.0.0@sha256:7c68de6624ff83e14b674745e1c895dcf7c8676f6f24be131c89e2e4c2fa4510,1008
    pantry-tree:
      size: 267
      sha256: 6d31d8a3bde912d0c8b28d9d18caa77a5a7add42104d8bb109f7cd298f21a78f
  original:
    hackage: persistent-template-2.12.0.0
snapshots:
- completed:
    size: 524996
    url: https://raw.githubusercontent.com/commercialhaskell/stackage-snapshots/master/lts/14/27.yaml
    sha256: 7ea31a280c56bf36ff591a7397cc384d0dff622e7f9e4225b47d8980f019a0f0
  original: lts-14.27
